// !$*UTF8*$!
{
	archiveVersion = 1;
	classes = {
	};
	objectVersion = 50;
	objects = {

/* Begin PBXBuildFile section */
		224D78A22341BA4F00EEED58 /* Maazin_Ahmed_200_Assignment5.cpp in Sources */ = {isa = PBXBuildFile; fileRef = 224D78A12341BA4F00EEED58 /* Maazin_Ahmed_200_Assignment5.cpp */; };
		224D78AC2341BC9B00EEED58 /* Maazin_Ahmed_FuelGauge.cpp in Sources */ = {isa = PBXBuildFile; fileRef = 224D78AA2341BC9B00EEED58 /* Maazin_Ahmed_FuelGauge.cpp */; };
		224D78AF2341BCC700EEED58 /* Maazin_Ahmed_Odometer.cpp in Sources */ = {isa = PBXBuildFile; fileRef = 224D78AD2341BCC700EEED58 /* Maazin_Ahmed_Odometer.cpp */; };
/* End PBXBuildFile section */

/* Begin PBXCopyFilesBuildPhase section */
		224D789C2341BA4F00EEED58 /* CopyFiles */ = {
			isa = PBXCopyFilesBuildPhase;
			buildActionMask = 2147483647;
			dstPath = /usr/share/man/man1/;
			dstSubfolderSpec = 0;
			files = (
			);
			runOnlyForDeploymentPostprocessing = 1;
		};
/* End PBXCopyFilesBuildPhase section */

/* Begin PBXFileReference section */
		224D789E2341BA4F00EEED58 /* OOPAssignment5 */ = {isa = PBXFileReference; explicitFileType = "compiled.mach-o.executable"; includeInIndex = 0; path = OOPAssignment5; sourceTree = BUILT_PRODUCTS_DIR; };
		224D78A12341BA4F00EEED58 /* Maazin_Ahmed_200_Assignment5.cpp */ = {isa = PBXFileReference; lastKnownFileType = sourcecode.cpp.cpp; path = Maazin_Ahmed_200_Assignment5.cpp; sourceTree = "<group>"; };
		224D78A82341BC3900EEED58 /* Maazin_Ahmed_FuelGauge.h */ = {isa = PBXFileReference; lastKnownFileType = sourcecode.c.h; path = Maazin_Ahmed_FuelGauge.h; sourceTree = "<group>"; };
		224D78A92341BC4400EEED58 /* Maazin_Ahmed_Odometer.h */ = {isa = PBXFileReference; lastKnownFileType = sourcecode.c.h; path = Maazin_Ahmed_Odometer.h; sourceTree = "<group>"; };
		224D78AA2341BC9B00EEED58 /* Maazin_Ahmed_FuelGauge.cpp */ = {isa = PBXFileReference; lastKnownFileType = sourcecode.cpp.cpp; path = Maazin_Ahmed_FuelGauge.cpp; sourceTree = "<group>"; };
		224D78AD2341BCC700EEED58 /* Maazin_Ahmed_Odometer.cpp */ = {isa = PBXFileReference; lastKnownFileType = sourcecode.cpp.cpp; path = Maazin_Ahmed_Odometer.cpp; sourceTree = "<group>"; };
/* End PBXFileReference section */

/* Begin PBXFrameworksBuildPhase section */
		224D789B2341BA4F00EEED58 /* Frameworks */ = {
			isa = PBXFrameworksBuildPhase;
			buildActionMask = 2147483647;
			files = (
			);
			runOnlyForDeploymentPostprocessing = 0;
		};
/* End PBXFrameworksBuildPhase section */

/* Begin PBXGroup section */
		224D78952341BA4F00EEED58 = {
			isa = PBXGroup;
			children = (
				224D78A02341BA4F00EEED58 /* OOPAssignment5 */,
				224D789F2341BA4F00EEED58 /* Products */,
			);
			sourceTree = "<group>";
		};
		224D789F2341BA4F00EEED58 /* Products */ = {
			isa = PBXGroup;
			children = (
				224D789E2341BA4F00EEED58 /* OOPAssignment5 */,
			);
			name = Products;
			sourceTree = "<group>";
		};
		224D78A02341BA4F00EEED58 /* OOPAssignment5 */ = {
			isa = PBXGroup;
			children = (
				224D78A12341BA4F00EEED58 /* Maazin_Ahmed_200_Assignment5.cpp */,
				224D78A82341BC3900EEED58 /* Maazin_Ahmed_FuelGauge.h */,
				224D78AA2341BC9B00EEED58 /* Maazin_Ahmed_FuelGauge.cpp */,
				224D78A92341BC4400EEED58 /* Maazin_Ahmed_Odometer.h */,
				224D78AD2341BCC700EEED58 /* Maazin_Ahmed_Odometer.cpp */,
			);
			path = OOPAssignment5;
			sourceTree = "<group>";
		};
/* End PBXGroup section */

/* Begin PBXNativeTarget section */
		224D789D2341BA4F00EEED58 /* OOPAssignment5 */ = {
			isa = PBXNativeTarget;
			buildConfigurationList = 224D78A52341BA4F00EEED58 /* Build configuration list for PBXNativeTarget "OOPAssignment5" */;
			buildPhases = (
				224D789A2341BA4F00EEED58 /* Sources */,
				224D789B2341BA4F00EEED58 /* Frameworks */,
				224D789C2341BA4F00EEED58 /* CopyFiles */,
			);
			buildRules = (
			);
			dependencies = (
			);
			name = OOPAssignment5;
			productName = OOPAssignment5;
			productReference = 224D789E2341BA4F00EEED58 /* OOPAssignment5 */;
			productType = "com.apple.product-type.tool";
		};
/* End PBXNativeTarget section */

/* Begin PBXProject section */
		224D78962341BA4F00EEED58 /* Project object */ = {
			isa = PBXProject;
			attributes = {
				LastUpgradeCheck = 1030;
				ORGANIZATIONNAME = "Maazin Ahmad";
				TargetAttributes = {
					224D789D2341BA4F00EEED58 = {
						CreatedOnToolsVersion = 10.3;
					};
				};
			};
			buildConfigurationList = 224D78992341BA4F00EEED58 /* Build configuration list for PBXProject "OOPAssignment5" */;
			compatibilityVersion = "Xcode 9.3";
			developmentRegion = en;
			hasScannedForEncodings = 0;
			knownRegions = (
				en,
			);
			mainGroup = 224D78952341BA4F00EEED58;
			productRefGroup = 224D789F2341BA4F00EEED58 /* Products */;
			projectDirPath = "";
			projectRoot = "";
			targets = (
				224D789D2341BA4F00EEED58 /* OOPAssignment5 */,
			);
		};
/* End PBXProject section */

/* Begin PBXSourcesBuildPhase section */
		224D789A2341BA4F00EEED58 /* Sources */ = {
			isa = PBXSourcesBuildPhase;
			buildActionMask = 2147483647;
			files = (
				224D78AF2341BCC700EEED58 /* Maazin_Ahmed_Odometer.cpp in Sources */,
				224D78A22341BA4F00EEED58 /* Maazin_Ahmed_200_Assignment5.cpp in Sources */,
				224D78AC2341BC9B00EEED58 /* Maazin_Ahmed_FuelGauge.cpp in Sources */,
			);
			runOnlyForDeploymentPostprocessing = 0;
		};
/* End PBXSourcesBuildPhase section */

/* Begin XCBuildConfiguration section */
		224D78A32341BA4F00EEED58 /* Debug */ = {
			isa = XCBuildConfiguration;
			buildSettings = {
				ALWAYS_SEARCH_USER_PATHS = NO;
				CLANG_ANALYZER_NONNULL = YES;
				CLANG_ANALYZER_NUMBER_OBJECT_CONVERSION = YES_AGGRESSIVE;
				CLANG_CXX_LANGUAGE_STANDARD = "gnu++14";
				CLANG_CXX_LIBRARY = "libc++";
				CLANG_ENABLE_MODULES = YES;
				CLANG_ENABLE_OBJC_ARC = YES;
				CLANG_ENABLE_OBJC_WEAK = YES;
				CLANG_WARN_BLOCK_CAPTURE_AUTORELEASING = YES;
				CLANG_WARN_BOOL_CONVERSION = YES;
				CLANG_WARN_COMMA = YES;
				CLANG_WARN_CONSTANT_CONVERSION = YES;
				CLANG_WARN_DEPRECATED_OBJC_IMPLEMENTATIONS = YES;
				CLANG_WARN_DIRECT_OBJC_ISA_USAGE = YES_ERROR;
				CLANG_WARN_DOCUMENTATION_COMMENTS = YES;
				CLANG_WARN_EMPTY_BODY = YES;
				CLANG_WARN_ENUM_CONVERSION = YES;
				CLANG_WARN_INFINITE_RECURSION = YES;
				CLANG_WARN_INT_CONVERSION = YES;
				CLANG_WARN_NON_LITERAL_NULL_CONVERSION = YES;
				CLANG_WARN_OBJC_IMPLICIT_RETAIN_SELF = YES;
				CLANG_WARN_OBJC_LITERAL_CONVERSION = YES;
				CLANG_WARN_OBJC_ROOT_CLASS = YES_ERROR;
				CLANG_WARN_RANGE_LOOP_ANALYSIS = YES;
				CLANG_WARN_STRICT_PROTOTYPES = YES;
				CLANG_WARN_SUSPICIOUS_MOVE = YES;
				CLANG_WARN_UNGUARDED_AVAILABILITY = YES_AGGRESSIVE;
				CLANG_WARN_UNREACHABLE_CODE = YES;
				CLANG_WARN__DUPLICATE_METHOD_MATCH = YES;
				CODE_SIGN_IDENTITY = "-";
				COPY_PHASE_STRIP = NO;
				DEBUG_INFORMATION_FORMAT = dwarf;
				ENABLE_STRICT_OBJC_MSGSEND = YES;
				ENABLE_TESTABILITY = YES;
				GCC_C_LANGUAGE_STANDARD = gnu11;
				GCC_DYNAMIC_NO_PIC = NO;
				GCC_NO_COMMON_BLOCKS = YES;
				GCC_OPTIMIZATION_LEVEL = 0;
				GCC_PREPROCESSOR_DEFINITIONS = (
					"DEBUG=1",
					"$(inherited)",
				);
				GCC_WARN_64_TO_32_BIT_CONVERSION = YES;
				GCC_WARN_ABOUT_RETURN_TYPE = YES_ERROR;
				GCC_WARN_UNDECLARED_SELECTOR = YES;
				GCC_WARN_UNINITIALIZED_AUTOS = YES_AGGRESSIVE;
				GCC_WARN_UNUSED_FUNCTION = YES;
				GCC_WARN_UNUSED_VARIABLE = YES;
				MACOSX_DEPLOYMENT_TARGET = 10.14;
				MTL_ENABLE_DEBUG_INFO = INCLUDE_SOURCE;
				MTL_FAST_MATH = YES;
				ONLY_ACTIVE_ARCH = YES;
				SDKROOT = macosx;
			};
			name = Debug;
		};
		224D78A42341BA4F00EEED58 /* Release */ = {
			isa = XCBuildConfiguration;
			buildSettings = {
				ALWAYS_SEARCH_USER_PATHS = NO;
				CLANG_ANALYZER_NONNULL = YES;
				CLANG_ANALYZER_NUMBER_OBJECT_CONVERSION = YES_AGGRESSIVE;
				CLANG_CXX_LANGUAGE_STANDARD = "gnu++14";
				CLANG_CXX_LIBRARY = "libc++";
				CLANG_ENABLE_MODULES = YES;
				CLANG_ENABLE_OBJC_ARC = YES;
				CLANG_ENABLE_OBJC_WEAK = YES;
				CLANG_WARN_BLOCK_CAPTURE_AUTORELEASING = YES;
				CLANG_WARN_BOOL_CONVERSION = YES;
				CLANG_WARN_COMMA = YES;
				CLANG_WARN_CONSTANT_CONVERSION = YES;
				CLANG_WARN_DEPRECATED_OBJC_IMPLEMENTATIONS = YES;
				CLANG_WARN_DIRECT_OBJC_ISA_USAGE = YES_ERROR;
				CLANG_WARN_DOCUMENTATION_COMMENTS = YES;
				CLANG_WARN_EMPTY_BODY = YES;
				CLANG_WARN_ENUM_CONVERSION = YES;
				CLANG_WARN_INFINITE_RECURSION = YES;
				CLANG_WARN_INT_CONVERSION = YES;
				CLANG_WARN_NON_LITERAL_NULL_CONVERSION = YES;
				CLANG_WARN_OBJC_IMPLICIT_RETAIN_SELF = YES;
				CLANG_WARN_OBJC_LITERAL_CONVERSION = YES;
				CLANG_WARN_OBJC_ROOT_CLASS = YES_ERROR;
				CLANG_WARN_RANGE_LOOP_ANALYSIS = YES;
				CLANG_WARN_STRICT_PROTOTYPES = YES;
				CLANG_WARN_SUSPICIOUS_MOVE = YES;
				CLANG_WARN_UNGUARDED_AVAILABILITY = YES_AGGRESSIVE;
				CLANG_WARN_UNREACHABLE_CODE = YES;
				CLANG_WARN__DUPLICATE_METHOD_MATCH = YES;
				CODE_SIGN_IDENTITY = "-";
				COPY_PHASE_STRIP = NO;
				DEBUG_INFORMATION_FORMAT = "dwarf-with-dsym";
				ENABLE_NS_ASSERTIONS = NO;
				ENABLE_STRICT_OBJC_MSGSEND = YES;
				GCC_C_LANGUAGE_STANDARD = gnu11;
				GCC_NO_COMMON_BLOCKS = YES;
				GCC_WARN_64_TO_32_BIT_CONVERSION = YES;
				GCC_WARN_ABOUT_RETURN_TYPE = YES_ERROR;
				GCC_WARN_UNDECLARED_SELECTOR = YES;
				GCC_WARN_UNINITIALIZED_AUTOS = YES_AGGRESSIVE;
				GCC_WARN_UNUSED_FUNCTION = YES;
				GCC_WARN_UNUSED_VARIABLE = YES;
				MACOSX_DEPLOYMENT_TARGET = 10.14;
				MTL_ENABLE_DEBUG_INFO = NO;
				MTL_FAST_MATH = YES;
				SDKROOT = macosx;
			};
			name = Release;
		};
		224D78A62341BA4F00EEED58 /* Debug */ = {
			isa = XCBuildConfiguration;
			buildSettings = {
				CODE_SIGN_STYLE = Automatic;
				PRODUCT_NAME = "$(TARGET_NAME)";
			};
			name = Debug;
		};
		224D78A72341BA4F00EEED58 /* Release */ = {
			isa = XCBuildConfiguration;
			buildSettings = {
				CODE_SIGN_STYLE = Automatic;
				PRODUCT_NAME = "$(TARGET_NAME)";
			};
			name = Release;
		};
/* End XCBuildConfiguration section */

/* Begin XCConfigurationList section */
		224D78992341BA4F00EEED58 /* Build configuration list for PBXProject "OOPAssignment5" */ = {
			isa = XCConfigurationList;
			buildConfigurations = (
				224D78A32341BA4F00EEED58 /* Debug */,
				224D78A42341BA4F00EEED58 /* Release */,
			);
			defaultConfigurationIsVisible = 0;
			defaultConfigurationName = Release;
		};
		224D78A52341BA4F00EEED58 /* Build configuration list for PBXNativeTarget "OOPAssignment5" */ = {
			isa = XCConfigurationList;
			buildConfigurations = (
				224D78A62341BA4F00EEED58 /* Debug */,
				224D78A72341BA4F00EEED58 /* Release */,
			);
			defaultConfigurationIsVisible = 0;
			defaultConfigurationName = Release;
		};
/* End XCConfigurationList section */
	};
	rootObject = 224D78962341BA4F00EEED58 /* Project object */;
}
